
Microsoft Visual Studio Solution File, Format Version 12.00
# Visual Studio 2012
Project("{FAE04EC0-301F-11D3-BF4B-00C04F79EFBC}") = "Corcentric.Integrations.Process.Maps", "Corcentric.Integrations.Process.Maps\Corcentric.Integrations.Process.Maps.btproj", "{87BA32F2-7348-456B-B8FD-57CAF46FADB2}"
EndProject
Project("{FAE04EC0-301F-11D3-BF4B-00C04F79EFBC}") = "Biztalk.Integrations.Process.Schemas", "Corcentric.Integrations.Process.Schemas\Biztalk.Integrations.Process.Schemas.btproj", "{BCF06F57-3245-4A2F-90B2-24E0CC461D41}"
EndProject
Global
	GlobalSection(SolutionConfigurationPlatforms) = preSolution
		Debug|Any CPU = Debug|Any CPU
		Release|Any CPU = Release|Any CPU
	EndGlobalSection
	GlobalSection(ProjectConfigurationPlatforms) = postSolution
		{87BA32F2-7348-456B-B8FD-57CAF46FADB2}.Debug|Any CPU.ActiveCfg = Debug|Any CPU
		{87BA32F2-7348-456B-B8FD-57CAF46FADB2}.Debug|Any CPU.Build.0 = Debug|Any CPU
		{87BA32F2-7348-456B-B8FD-57CAF46FADB2}.Debug|Any CPU.Deploy.0 = Debug|Any CPU
		{87BA32F2-7348-456B-B8FD-57CAF46FADB2}.Release|Any CPU.ActiveCfg = Release|Any CPU
		{87BA32F2-7348-456B-B8FD-57CAF46FADB2}.Release|Any CPU.Build.0 = Release|Any CPU
		{87BA32F2-7348-456B-B8FD-57CAF46FADB2}.Release|Any CPU.Deploy.0 = Release|Any CPU
		{BCF06F57-3245-4A2F-90B2-24E0CC461D41}.Debug|Any CPU.ActiveCfg = Debug|Any CPU
		{BCF06F57-3245-4A2F-90B2-24E0CC461D41}.Debug|Any CPU.Build.0 = Debug|Any CPU
		{BCF06F57-3245-4A2F-90B2-24E0CC461D41}.Debug|Any CPU.Deploy.0 = Debug|Any CPU
		{BCF06F57-3245-4A2F-90B2-24E0CC461D41}.Release|Any CPU.ActiveCfg = Release|Any CPU
		{BCF06F57-3245-4A2F-90B2-24E0CC461D41}.Release|Any CPU.Build.0 = Release|Any CPU
		{BCF06F57-3245-4A2F-90B2-24E0CC461D41}.Release|Any CPU.Deploy.0 = Release|Any CPU
	EndGlobalSection
	GlobalSection(SolutionProperties) = preSolution
		HideSolutionNode = FALSE
	EndGlobalSection
EndGlobal
